
Microsoft Visual Studio Solution File, Format Version 12.00
# Visual Studio 2012
Project("{FAE04EC0-301F-11D3-BF4B-00C04F79EFBC}") = "Octopus", "Octopus.csproj", "{A9CEF0E7-D164-4242-B96A-85DF40F4CE92}"
EndProject
Global
	GlobalSection(SolutionConfigurationPlatforms) = preSolution
		Debug|Any CPU = Debug|Any CPU
		Release|Any CPU = Release|Any CPU
		Editor Debug|Any CPU = Editor Debug|Any CPU
		Editor Release|Any CPU = Editor Release|Any CPU
	EndGlobalSection
	GlobalSection(ProjectConfigurationPlatforms) = postSolution
		{A9CEF0E7-D164-4242-B96A-85DF40F4CE92}.Debug|Any CPU.ActiveCfg = Debug|Any CPU
		{A9CEF0E7-D164-4242-B96A-85DF40F4CE92}.Debug|Any CPU.Build.0 = Debug|Any CPU
		{A9CEF0E7-D164-4242-B96A-85DF40F4CE92}.Release|Any CPU.ActiveCfg = Release|Any CPU
		{A9CEF0E7-D164-4242-B96A-85DF40F4CE92}.Release|Any CPU.Build.0 = Release|Any CPU
		{A9CEF0E7-D164-4242-B96A-85DF40F4CE92}.Editor Debug|Any CPU.ActiveCfg = Editor Debug|Any CPU
		{A9CEF0E7-D164-4242-B96A-85DF40F4CE92}.Editor Debug|Any CPU.Build.0 = Editor Debug|Any CPU
		{A9CEF0E7-D164-4242-B96A-85DF40F4CE92}.Editor Release|Any CPU.ActiveCfg = Editor Release|Any CPU
		{A9CEF0E7-D164-4242-B96A-85DF40F4CE92}.Editor Release|Any CPU.Build.0 = Editor Release|Any CPU
	EndGlobalSection
EndGlobal
